
Microsoft Visual Studio Solution File, Format Version 12.00
# Visual Studio Version 17
VisualStudioVersion = 17.2.32630.192
MinimumVisualStudioVersion = 10.0.40219.1
Project("{9A19103F-16F7-4668-BE54-9A1E7A4F7556}") = "KampaGiriş", "KampaGiriş\KampaGiriş.csproj", "{1DC851DB-1B32-4BE8-975B-CBE2883192C0}"
EndProject
Project("{9A19103F-16F7-4668-BE54-9A1E7A4F7556}") = "Döngüler", "Döngüler\Döngüler.csproj", "{2FC115B1-4BFB-40D2-9718-FE38B2C3337F}"
EndProject
Project("{9A19103F-16F7-4668-BE54-9A1E7A4F7556}") = "classlar", "class\classlar.csproj", "{205217B7-A60D-4A7F-BDF0-F49F9B49F926}"
EndProject
Project("{9A19103F-16F7-4668-BE54-9A1E7A4F7556}") = "Metotlar", "Metotlar\Metotlar.csproj", "{464B63D3-7DF5-42DF-831B-2818D0A509E1}"
EndProject
Project("{9A19103F-16F7-4668-BE54-9A1E7A4F7556}") = "DegerVeReferansTipler", "DegerVeReferansTipler\DegerVeReferansTipler.csproj", "{ADA66BE7-DEBC-486F-B427-E8F1952E39C3}"
EndProject
Project("{9A19103F-16F7-4668-BE54-9A1E7A4F7556}") = "ClassMetotDemo", "ClassMetotDemo\ClassMetotDemo.csproj", "{E3300AD8-E542-4D71-BD9A-F32E7502A4D2}"
EndProject
Project("{9A19103F-16F7-4668-BE54-9A1E7A4F7556}") = "WorkAround", "WorkAround\WorkAround.csproj", "{AD5450D6-26DD-4C35-AE80-8A77A95A769C}"
EndProject
Project("{9A19103F-16F7-4668-BE54-9A1E7A4F7556}") = "OOP1", "OOP1\OOP1.csproj", "{8B9F40AD-41A2-4A56-BB43-837DD09D45AE}"
EndProject
Project("{9A19103F-16F7-4668-BE54-9A1E7A4F7556}") = "Collections", "Collections\Collections.csproj", "{6F8B023D-D52A-4EEA-A2F3-6FD7798EFC56}"
EndProject
Project("{9A19103F-16F7-4668-BE54-9A1E7A4F7556}") = "GenericsIntro", "GenericsIntro\GenericsIntro.csproj", "{271A93B3-24CB-4495-AD48-237E52DB9F77}"
EndProject
Project("{9A19103F-16F7-4668-BE54-9A1E7A4F7556}") = "Constructor-Generic", "Constructor-Generic-ReferenceType\Constructor-Generic.csproj", "{8BD2D4C3-7829-4FF7-833B-8519F7CA194D}"
EndProject
Project("{9A19103F-16F7-4668-BE54-9A1E7A4F7556}") = "ExampleMVCProject", "ExampleMVCProject\ExampleMVCProject.csproj", "{E3B83E2E-B498-4E2F-817E-E1A86A18A0AA}"
EndProject
Project("{9A19103F-16F7-4668-BE54-9A1E7A4F7556}") = "OOP2", "OOP2\OOP2.csproj", "{29B888D5-79A4-4ADA-B6F9-F36242AFAF7B}"
EndProject
Project("{9A19103F-16F7-4668-BE54-9A1E7A4F7556}") = "OOP3", "OOP3\OOP3.csproj", "{4CDA7882-BCB6-4F88-B7D1-AF91ED37839E}"
EndProject
Project("{9A19103F-16F7-4668-BE54-9A1E7A4F7556}") = "LINQProject", "LINQProject\LINQProject.csproj", "{75A16910-23DC-4203-B57A-182B699DF6C4}"
EndProject
Project("{FAE04EC0-301F-11D3-BF4B-00C04F79EFBC}") = "EntityFrameworkDemo", "EntityFrameworkDemo\EntityFrameworkDemo.csproj", "{458F66D4-89A6-4E45-8D87-24351752846E}"
EndProject
Global
	GlobalSection(SolutionConfigurationPlatforms) = preSolution
		Debug|Any CPU = Debug|Any CPU
		Release|Any CPU = Release|Any CPU
	EndGlobalSection
	GlobalSection(ProjectConfigurationPlatforms) = postSolution
		{1DC851DB-1B32-4BE8-975B-CBE2883192C0}.Debug|Any CPU.ActiveCfg = Debug|Any CPU
		{1DC851DB-1B32-4BE8-975B-CBE2883192C0}.Debug|Any CPU.Build.0 = Debug|Any CPU
		{1DC851DB-1B32-4BE8-975B-CBE2883192C0}.Release|Any CPU.ActiveCfg = Release|Any CPU
		{1DC851DB-1B32-4BE8-975B-CBE2883192C0}.Release|Any CPU.Build.0 = Release|Any CPU
		{2FC115B1-4BFB-40D2-9718-FE38B2C3337F}.Debug|Any CPU.ActiveCfg = Debug|Any CPU
		{2FC115B1-4BFB-40D2-9718-FE38B2C3337F}.Debug|Any CPU.Build.0 = Debug|Any CPU
		{2FC115B1-4BFB-40D2-9718-FE38B2C3337F}.Release|Any CPU.ActiveCfg = Release|Any CPU
		{2FC115B1-4BFB-40D2-9718-FE38B2C3337F}.Release|Any CPU.Build.0 = Release|Any CPU
		{205217B7-A60D-4A7F-BDF0-F49F9B49F926}.Debug|Any CPU.ActiveCfg = Debug|Any CPU
		{205217B7-A60D-4A7F-BDF0-F49F9B49F926}.Debug|Any CPU.Build.0 = Debug|Any CPU
		{205217B7-A60D-4A7F-BDF0-F49F9B49F926}.Release|Any CPU.ActiveCfg = Release|Any CPU
		{205217B7-A60D-4A7F-BDF0-F49F9B49F926}.Release|Any CPU.Build.0 = Release|Any CPU
		{464B63D3-7DF5-42DF-831B-2818D0A509E1}.Debug|Any CPU.ActiveCfg = Debug|Any CPU
		{464B63D3-7DF5-42DF-831B-2818D0A509E1}.Debug|Any CPU.Build.0 = Debug|Any CPU
		{464B63D3-7DF5-42DF-831B-2818D0A509E1}.Release|Any CPU.ActiveCfg = Release|Any CPU
		{464B63D3-7DF5-42DF-831B-2818D0A509E1}.Release|Any CPU.Build.0 = Release|Any CPU
		{ADA66BE7-DEBC-486F-B427-E8F1952E39C3}.Debug|Any CPU.ActiveCfg = Debug|Any CPU
		{ADA66BE7-DEBC-486F-B427-E8F1952E39C3}.Debug|Any CPU.Build.0 = Debug|Any CPU
		{ADA66BE7-DEBC-486F-B427-E8F1952E39C3}.Release|Any CPU.ActiveCfg = Release|Any CPU
		{ADA66BE7-DEBC-486F-B427-E8F1952E39C3}.Release|Any CPU.Build.0 = Release|Any CPU
		{E3300AD8-E542-4D71-BD9A-F32E7502A4D2}.Debug|Any CPU.ActiveCfg = Debug|Any CPU
		{E3300AD8-E542-4D71-BD9A-F32E7502A4D2}.Debug|Any CPU.Build.0 = Debug|Any CPU
		{E3300AD8-E542-4D71-BD9A-F32E7502A4D2}.Release|Any CPU.ActiveCfg = Release|Any CPU
		{E3300AD8-E542-4D71-BD9A-F32E7502A4D2}.Release|Any CPU.Build.0 = Release|Any CPU
		{AD5450D6-26DD-4C35-AE80-8A77A95A769C}.Debug|Any CPU.ActiveCfg = Debug|Any CPU
		{AD5450D6-26DD-4C35-AE80-8A77A95A769C}.Debug|Any CPU.Build.0 = Debug|Any CPU
		{AD5450D6-26DD-4C35-AE80-8A77A95A769C}.Release|Any CPU.ActiveCfg = Release|Any CPU
		{AD5450D6-26DD-4C35-AE80-8A77A95A769C}.Release|Any CPU.Build.0 = Release|Any CPU
		{8B9F40AD-41A2-4A56-BB43-837DD09D45AE}.Debug|Any CPU.ActiveCfg = Debug|Any CPU
		{8B9F40AD-41A2-4A56-BB43-837DD09D45AE}.Debug|Any CPU.Build.0 = Debug|Any CPU
		{8B9F40AD-41A2-4A56-BB43-837DD09D45AE}.Release|Any CPU.ActiveCfg = Release|Any CPU
		{8B9F40AD-41A2-4A56-BB43-837DD09D45AE}.Release|Any CPU.Build.0 = Release|Any CPU
		{6F8B023D-D52A-4EEA-A2F3-6FD7798EFC56}.Debug|Any CPU.ActiveCfg = Debug|Any CPU
		{6F8B023D-D52A-4EEA-A2F3-6FD7798EFC56}.Debug|Any CPU.Build.0 = Debug|Any CPU
		{6F8B023D-D52A-4EEA-A2F3-6FD7798EFC56}.Release|Any CPU.ActiveCfg = Release|Any CPU
		{6F8B023D-D52A-4EEA-A2F3-6FD7798EFC56}.Release|Any CPU.Build.0 = Release|Any CPU
		{271A93B3-24CB-4495-AD48-237E52DB9F77}.Debug|Any CPU.ActiveCfg = Debug|Any CPU
		{271A93B3-24CB-4495-AD48-237E52DB9F77}.Debug|Any CPU.Build.0 = Debug|Any CPU
		{271A93B3-24CB-4495-AD48-237E52DB9F77}.Release|Any CPU.ActiveCfg = Release|Any CPU
		{271A93B3-24CB-4495-AD48-237E52DB9F77}.Release|Any CPU.Build.0 = Release|Any CPU
		{8BD2D4C3-7829-4FF7-833B-8519F7CA194D}.Debug|Any CPU.ActiveCfg = Debug|Any CPU
		{8BD2D4C3-7829-4FF7-833B-8519F7CA194D}.Debug|Any CPU.Build.0 = Debug|Any CPU
		{8BD2D4C3-7829-4FF7-833B-8519F7CA194D}.Release|Any CPU.ActiveCfg = Release|Any CPU
		{8BD2D4C3-7829-4FF7-833B-8519F7CA194D}.Release|Any CPU.Build.0 = Release|Any CPU
		{E3B83E2E-B498-4E2F-817E-E1A86A18A0AA}.Debug|Any CPU.ActiveCfg = Debug|Any CPU
		{E3B83E2E-B498-4E2F-817E-E1A86A18A0AA}.Debug|Any CPU.Build.0 = Debug|Any CPU
		{E3B83E2E-B498-4E2F-817E-E1A86A18A0AA}.Release|Any CPU.ActiveCfg = Release|Any CPU
		{E3B83E2E-B498-4E2F-817E-E1A86A18A0AA}.Release|Any CPU.Build.0 = Release|Any CPU
		{29B888D5-79A4-4ADA-B6F9-F36242AFAF7B}.Debug|Any CPU.ActiveCfg = Debug|Any CPU
		{29B888D5-79A4-4ADA-B6F9-F36242AFAF7B}.Debug|Any CPU.Build.0 = Debug|Any CPU
		{29B888D5-79A4-4ADA-B6F9-F36242AFAF7B}.Release|Any CPU.ActiveCfg = Release|Any CPU
		{29B888D5-79A4-4ADA-B6F9-F36242AFAF7B}.Release|Any CPU.Build.0 = Release|Any CPU
		{4CDA7882-BCB6-4F88-B7D1-AF91ED37839E}.Debug|Any CPU.ActiveCfg = Debug|Any CPU
		{4CDA7882-BCB6-4F88-B7D1-AF91ED37839E}.Debug|Any CPU.Build.0 = Debug|Any CPU
		{4CDA7882-BCB6-4F88-B7D1-AF91ED37839E}.Release|Any CPU.ActiveCfg = Release|Any CPU
		{4CDA7882-BCB6-4F88-B7D1-AF91ED37839E}.Release|Any CPU.Build.0 = Release|Any CPU
		{75A16910-23DC-4203-B57A-182B699DF6C4}.Debug|Any CPU.ActiveCfg = Debug|Any CPU
		{75A16910-23DC-4203-B57A-182B699DF6C4}.Debug|Any CPU.Build.0 = Debug|Any CPU
		{75A16910-23DC-4203-B57A-182B699DF6C4}.Release|Any CPU.ActiveCfg = Release|Any CPU
		{75A16910-23DC-4203-B57A-182B699DF6C4}.Release|Any CPU.Build.0 = Release|Any CPU
		{458F66D4-89A6-4E45-8D87-24351752846E}.Debug|Any CPU.ActiveCfg = Debug|Any CPU
		{458F66D4-89A6-4E45-8D87-24351752846E}.Debug|Any CPU.Build.0 = Debug|Any CPU
		{458F66D4-89A6-4E45-8D87-24351752846E}.Release|Any CPU.ActiveCfg = Release|Any CPU
		{458F66D4-89A6-4E45-8D87-24351752846E}.Release|Any CPU.Build.0 = Release|Any CPU
	EndGlobalSection
	GlobalSection(SolutionProperties) = preSolution
		HideSolutionNode = FALSE
	EndGlobalSection
	GlobalSection(ExtensibilityGlobals) = postSolution
		SolutionGuid = {191365F4-438C-4DC2-94AF-C2F93E3E7B0F}
	EndGlobalSection
EndGlobal
